{
  "name": "mongbas-threshold-trustee",
  "version": "0.1.0",
  "lockfileVersion": 3,
  "requires": true,
  "packages": {
    "": {
      "name": "mongbas-threshold-trustee",
      "version": "0.1.0",
      "license": "Apache-2.0",
      "bin": {
        "mongbas-trustee": "bin/mongbas-trustee.js"
      },
      "engines": {
        "node": ">=22.12.0"
      }
    }
  }
}
