{
  "name": "mongbas-election-verifier",
  "version": "0.1.0",
  "lockfileVersion": 3,
  "requires": true,
  "packages": {
    "": {
      "name": "mongbas-election-verifier",
      "version": "0.1.0",
      "license": "Apache-2.0",
      "bin": {
        "mongbas-bundle": "bin/mongbas-bundle.js",
        "mongbas-verify": "bin/mongbas-verify.js"
      },
      "engines": {
        "node": ">=22.12.0"
      }
    }
  }
}
